
Microsoft Visual Studio Solution File, Format Version 12.00
# Visual Studio Version 16
VisualStudioVersion = 16.0.30907.101
MinimumVisualStudioVersion = 10.0.40219.1
Project("{F184B08F-C81C-45F6-A57F-5ABD9991F28F}") = "find_primes", "find_primes.vbproj", "{90296DBF-7DAA-472B-8556-938E3324B100}"
EndProject
Global
	GlobalSection(SolutionConfigurationPlatforms) = preSolution
		Debug|Any CPU = Debug|Any CPU
		Release|Any CPU = Release|Any CPU
	EndGlobalSection
	GlobalSection(ProjectConfigurationPlatforms) = postSolution
		{90296DBF-7DAA-472B-8556-938E3324B100}.Debug|Any CPU.ActiveCfg = Debug|Any CPU
		{90296DBF-7DAA-472B-8556-938E3324B100}.Debug|Any CPU.Build.0 = Debug|Any CPU
		{90296DBF-7DAA-472B-8556-938E3324B100}.Release|Any CPU.ActiveCfg = Release|Any CPU
		{90296DBF-7DAA-472B-8556-938E3324B100}.Release|Any CPU.Build.0 = Release|Any CPU
	EndGlobalSection
	GlobalSection(SolutionProperties) = preSolution
		HideSolutionNode = FALSE
	EndGlobalSection
	GlobalSection(ExtensibilityGlobals) = postSolution
		SolutionGuid = {3BCE0E11-8D1B-4A59-B1BD-F9965A41F3DB}
	EndGlobalSection
EndGlobal
